
Microsoft Visual Studio Solution File, Format Version 12.00
# Visual Studio Version 17
VisualStudioVersion = 17.7.34031.279
MinimumVisualStudioVersion = 10.0.40219.1
Project("{FAE04EC0-301F-11D3-BF4B-00C04F79EFBC}") = "doanapi", "doanapi\doanapi.csproj", "{394D918D-4F8D-4A90-9A45-31C2D7B1C3E8}"
EndProject
Global
	GlobalSection(SolutionConfigurationPlatforms) = preSolution
		Debug|Any CPU = Debug|Any CPU
		Release|Any CPU = Release|Any CPU
	EndGlobalSection
	GlobalSection(ProjectConfigurationPlatforms) = postSolution
		{394D918D-4F8D-4A90-9A45-31C2D7B1C3E8}.Debug|Any CPU.ActiveCfg = Debug|Any CPU
		{394D918D-4F8D-4A90-9A45-31C2D7B1C3E8}.Debug|Any CPU.Build.0 = Debug|Any CPU
		{394D918D-4F8D-4A90-9A45-31C2D7B1C3E8}.Release|Any CPU.ActiveCfg = Release|Any CPU
		{394D918D-4F8D-4A90-9A45-31C2D7B1C3E8}.Release|Any CPU.Build.0 = Release|Any CPU
	EndGlobalSection
	GlobalSection(SolutionProperties) = preSolution
		HideSolutionNode = FALSE
	EndGlobalSection
	GlobalSection(ExtensibilityGlobals) = postSolution
		SolutionGuid = {850C0975-099E-49B9-A926-56D834300537}
	EndGlobalSection
EndGlobal
